
Microsoft Visual Studio Solution File, Format Version 12.00
# Visual Studio Version 17
VisualStudioVersion = 17.0.32014.148
MinimumVisualStudioVersion = 10.0.40219.1
Project("{FAE04EC0-301F-11D3-BF4B-00C04F79EFBC}") = "CardGame", "CardGame\CardGame.csproj", "{16DFFF99-2CA7-443D-B5BE-6BFE633795FB}"
EndProject
Global
	GlobalSection(SolutionConfigurationPlatforms) = preSolution
		Debug|Any CPU = Debug|Any CPU
		Release|Any CPU = Release|Any CPU
	EndGlobalSection
	GlobalSection(ProjectConfigurationPlatforms) = postSolution
		{16DFFF99-2CA7-443D-B5BE-6BFE633795FB}.Debug|Any CPU.ActiveCfg = Debug|Any CPU
		{16DFFF99-2CA7-443D-B5BE-6BFE633795FB}.Debug|Any CPU.Build.0 = Debug|Any CPU
		{16DFFF99-2CA7-443D-B5BE-6BFE633795FB}.Release|Any CPU.ActiveCfg = Release|Any CPU
		{16DFFF99-2CA7-443D-B5BE-6BFE633795FB}.Release|Any CPU.Build.0 = Release|Any CPU
	EndGlobalSection
	GlobalSection(SolutionProperties) = preSolution
		HideSolutionNode = FALSE
	EndGlobalSection
	GlobalSection(ExtensibilityGlobals) = postSolution
		SolutionGuid = {2F328F95-2769-4BAB-A289-9FA6C975183F}
	EndGlobalSection
EndGlobal
